
Microsoft Visual Studio Solution File, Format Version 12.00
# Visual Studio Version 17
VisualStudioVersion = 17.4.33122.133
MinimumVisualStudioVersion = 10.0.40219.1
Project("{9A19103F-16F7-4668-BE54-9A1E7A4F7556}") = "RecipesWebApp.Server", "RecipesWebApp\Server\RecipesWebApp.Server.csproj", "{97877887-BBA0-41FA-A50B-1F064DC4988E}"
EndProject
Project("{9A19103F-16F7-4668-BE54-9A1E7A4F7556}") = "RecipesWebApp.Client", "RecipesWebApp\Client\RecipesWebApp.Client.csproj", "{E95A41F6-C742-4F7A-9F64-B52C9AB92FA6}"
EndProject
Project("{9A19103F-16F7-4668-BE54-9A1E7A4F7556}") = "RecipesWebApp.Shared", "RecipesWebApp\Shared\RecipesWebApp.Shared.csproj", "{76017571-C30E-4DFE-8346-585D3B8D4C02}"
EndProject
Global
	GlobalSection(SolutionConfigurationPlatforms) = preSolution
		Debug|Any CPU = Debug|Any CPU
		Release|Any CPU = Release|Any CPU
	EndGlobalSection
	GlobalSection(ProjectConfigurationPlatforms) = postSolution
		{97877887-BBA0-41FA-A50B-1F064DC4988E}.Debug|Any CPU.ActiveCfg = Debug|Any CPU
		{97877887-BBA0-41FA-A50B-1F064DC4988E}.Debug|Any CPU.Build.0 = Debug|Any CPU
		{97877887-BBA0-41FA-A50B-1F064DC4988E}.Release|Any CPU.ActiveCfg = Release|Any CPU
		{97877887-BBA0-41FA-A50B-1F064DC4988E}.Release|Any CPU.Build.0 = Release|Any CPU
		{E95A41F6-C742-4F7A-9F64-B52C9AB92FA6}.Debug|Any CPU.ActiveCfg = Debug|Any CPU
		{E95A41F6-C742-4F7A-9F64-B52C9AB92FA6}.Debug|Any CPU.Build.0 = Debug|Any CPU
		{E95A41F6-C742-4F7A-9F64-B52C9AB92FA6}.Release|Any CPU.ActiveCfg = Release|Any CPU
		{E95A41F6-C742-4F7A-9F64-B52C9AB92FA6}.Release|Any CPU.Build.0 = Release|Any CPU
		{76017571-C30E-4DFE-8346-585D3B8D4C02}.Debug|Any CPU.ActiveCfg = Debug|Any CPU
		{76017571-C30E-4DFE-8346-585D3B8D4C02}.Debug|Any CPU.Build.0 = Debug|Any CPU
		{76017571-C30E-4DFE-8346-585D3B8D4C02}.Release|Any CPU.ActiveCfg = Release|Any CPU
		{76017571-C30E-4DFE-8346-585D3B8D4C02}.Release|Any CPU.Build.0 = Release|Any CPU
	EndGlobalSection
	GlobalSection(SolutionProperties) = preSolution
		HideSolutionNode = FALSE
	EndGlobalSection
	GlobalSection(ExtensibilityGlobals) = postSolution
		SolutionGuid = {BD7CC3CA-1CED-4EA6-AA7F-7FC9749C914C}
	EndGlobalSection
EndGlobal
